<?xml version="1.0" encoding="utf-8"?>
<Project ToolsVersion="4.0" xmlns="http://schemas.microsoft.com/developer/msbuild/2003">
  <ItemGroup>
    <ClInclude Include="$(MSBuildThisFileDirectory)..\Source\Generated\out.gen.h">
      <Filter>Generated</Filter>
    </ClInclude>
    <ClInclude Include="$(MSBuildThisFileDirectory)..\Source\Generated\out_gen.h">
      <Filter>Generated</Filter>
    </ClInclude>
    <ClInclude Include="$(MSBuildThisFileDirectory)..\Source\Generated\out_pre.h">
      <Filter>Generated</Filter>
    </ClInclude>
    <ClInclude Include="$(MSBuildThisFileDirectory)..\Source\Generated\temp.gen.h">
      <Filter>Generated</Filter>
    </ClInclude>
    <ClInclude Include="$(MSBuildThisFileDirectory)..\Source\Generated\temp_gen.h">
      <Filter>Generated</Filter>
    </ClInclude>
    <ClInclude Include="$(MSBuildThisFileDirectory)..\Source\Generated\Test.hpp">
      <Filter>Generated</Filter>
    </ClInclude>
    <ClInclude Include="$(MSBuildThisFileDirectory)..\Source\HonoursProj\AssetLoader_gen.h">
      <Filter>HonoursProj</Filter>
    </ClInclude>
    <ClInclude Include="$(MSBuildThisFileDirectory)..\Source\HonoursProj\BlockDuplicate.h">
      <Filter>HonoursProj</Filter>
    </ClInclude>
    <ClInclude Include="$(MSBuildThisFileDirectory)..\Source\HonoursProj\BlockFunction.h">
      <Filter>HonoursProj</Filter>
    </ClInclude>
    <ClInclude Include="$(MSBuildThisFileDirectory)..\Source\HonoursProj\BlockFunctionPull.h">
      <Filter>HonoursProj</Filter>
    </ClInclude>
    <ClInclude Include="$(MSBuildThisFileDirectory)..\Source\HonoursProj\BlockFunctionPullConstant.h">
      <Filter>HonoursProj</Filter>
    </ClInclude>
    <ClInclude Include="$(MSBuildThisFileDirectory)..\Source\HonoursProj\BlockFunctionPullFmap.h">
      <Filter>HonoursProj</Filter>
    </ClInclude>
    <ClInclude Include="$(MSBuildThisFileDirectory)..\Source\HonoursProj\BlockFunctionPullGreaterThan.h">
      <Filter>HonoursProj</Filter>
    </ClInclude>
    <ClInclude Include="$(MSBuildThisFileDirectory)..\Source\HonoursProj\BlockFunctionPullMaybe.h">
      <Filter>HonoursProj</Filter>
    </ClInclude>
    <ClInclude Include="$(MSBuildThisFileDirectory)..\Source\HonoursProj\FunctionConnector.h">
      <Filter>HonoursProj</Filter>
    </ClInclude>
    <ClInclude Include="$(MSBuildThisFileDirectory)..\Source\HonoursProj\FunctionInput.h">
      <Filter>HonoursProj</Filter>
    </ClInclude>
    <ClInclude Include="$(MSBuildThisFileDirectory)..\Source\HonoursProj\FunctionOutput.h">
      <Filter>HonoursProj</Filter>
    </ClInclude>
    <ClInclude Include="$(MSBuildThisFileDirectory)..\Source\HonoursProj\FunctionUtils.h">
      <Filter>HonoursProj</Filter>
    </ClInclude>
    <ClInclude Include="$(MSBuildThisFileDirectory)..\Source\HonoursProj\HonoursProj.h">
      <Filter>HonoursProj</Filter>
    </ClInclude>
    <ClInclude Include="$(MSBuildThisFileDirectory)..\Source\HonoursProj\HonoursProjBlock.h">
      <Filter>HonoursProj</Filter>
    </ClInclude>
    <ClInclude Include="$(MSBuildThisFileDirectory)..\Source\HonoursProj\HonoursProjBlockGrid.h">
      <Filter>HonoursProj</Filter>
    </ClInclude>
    <ClInclude Include="$(MSBuildThisFileDirectory)..\Source\HonoursProj\HonoursProjGameMode.h">
      <Filter>HonoursProj</Filter>
    </ClInclude>
    <ClInclude Include="$(MSBuildThisFileDirectory)..\Source\HonoursProj\HonoursProjPawn.h">
      <Filter>HonoursProj</Filter>
    </ClInclude>
    <ClInclude Include="$(MSBuildThisFileDirectory)..\Source\HonoursProj\HonoursProjPlayerController.h">
      <Filter>HonoursProj</Filter>
    </ClInclude>
    <ClInclude Include="$(MSBuildThisFileDirectory)..\Source\HonoursProj\LoopMacros.h">
      <Filter>HonoursProj</Filter>
    </ClInclude>
    <ClInclude Include="$(MSBuildThisFileDirectory)..\Source\HonoursProj\MacroUtils.h">
      <Filter>HonoursProj</Filter>
    </ClInclude>
    <ClInclude Include="$(MSBuildThisFileDirectory)..\Source\HonoursProj\Functional\Prelude.h">
      <Filter>HonoursProj\Functional</Filter>
    </ClInclude>
    <ClInclude Include="$(MSBuildThisFileDirectory)..\Source\HonoursProj\Functional\Typeclass.h">
      <Filter>HonoursProj\Functional</Filter>
    </ClInclude>
    <ClInclude Include="$(MSBuildThisFileDirectory)..\Source\HonoursProj\Functions\BlockFunctionFmap.h">
      <Filter>HonoursProj\Functions</Filter>
    </ClInclude>
    <ClInclude Include="$(MSBuildThisFileDirectory)..\Source\HonoursProj\Functions\BlockFunctionPullGeneral.h">
      <Filter>HonoursProj\Functions</Filter>
    </ClInclude>
    <ClInclude Include="$(MSBuildThisFileDirectory)..\Source\HonoursProj\Preprocess\Include.h">
      <Filter>HonoursProj\Preprocess</Filter>
    </ClInclude>
    <ClInclude Include="$(MSBuildThisFileDirectory)..\Source\HonoursProj\Types\Arrow.h">
      <Filter>HonoursProj\Types</Filter>
    </ClInclude>
    <ClInclude Include="$(MSBuildThisFileDirectory)..\Source\HonoursProj\Types\Functor.h">
      <Filter>HonoursProj\Types</Filter>
    </ClInclude>
    <ClInclude Include="$(MSBuildThisFileDirectory)..\Source\HonoursProj\Types\Int_gen.h">
      <Filter>HonoursProj\Types</Filter>
    </ClInclude>
    <ClInclude Include="$(MSBuildThisFileDirectory)..\Source\HonoursProj\Types\Maybe_gen.h">
      <Filter>HonoursProj\Types</Filter>
    </ClInclude>
    <ClInclude Include="$(MSBuildThisFileDirectory)..\Source\HonoursProj\Types\Ord.h">
      <Filter>HonoursProj\Types</Filter>
    </ClInclude>
    <ClInclude Include="$(MSBuildThisFileDirectory)..\Source\HonoursProj\Types\Types_gen.h">
      <Filter>HonoursProj\Types</Filter>
    </ClInclude>
  </ItemGroup>
  <ItemGroup>
    <ClCompile Include="$(MSBuildThisFileDirectory)..\Source\HonoursProj\BlockDuplicate.cpp">
      <Filter>HonoursProj</Filter>
    </ClCompile>
    <ClCompile Include="$(MSBuildThisFileDirectory)..\Source\HonoursProj\BlockFunction.cpp">
      <Filter>HonoursProj</Filter>
    </ClCompile>
    <ClCompile Include="$(MSBuildThisFileDirectory)..\Source\HonoursProj\BlockFunctionPull.cpp">
      <Filter>HonoursProj</Filter>
    </ClCompile>
    <ClCompile Include="$(MSBuildThisFileDirectory)..\Source\HonoursProj\BlockFunctionPullConstant.cpp">
      <Filter>HonoursProj</Filter>
    </ClCompile>
    <ClCompile Include="$(MSBuildThisFileDirectory)..\Source\HonoursProj\BlockFunctionPullFmap.cpp">
      <Filter>HonoursProj</Filter>
    </ClCompile>
    <ClCompile Include="$(MSBuildThisFileDirectory)..\Source\HonoursProj\BlockFunctionPullGreaterThan.cpp">
      <Filter>HonoursProj</Filter>
    </ClCompile>
    <ClCompile Include="$(MSBuildThisFileDirectory)..\Source\HonoursProj\BlockFunctionPullMaybe.cpp">
      <Filter>HonoursProj</Filter>
    </ClCompile>
    <ClCompile Include="$(MSBuildThisFileDirectory)..\Source\HonoursProj\FunctionConnector.cpp">
      <Filter>HonoursProj</Filter>
    </ClCompile>
    <ClCompile Include="$(MSBuildThisFileDirectory)..\Source\HonoursProj\FunctionInput.cpp">
      <Filter>HonoursProj</Filter>
    </ClCompile>
    <ClCompile Include="$(MSBuildThisFileDirectory)..\Source\HonoursProj\FunctionOutput.cpp">
      <Filter>HonoursProj</Filter>
    </ClCompile>
    <ClCompile Include="$(MSBuildThisFileDirectory)..\Source\HonoursProj\FunctionUtils.cpp">
      <Filter>HonoursProj</Filter>
    </ClCompile>
    <ClCompile Include="$(MSBuildThisFileDirectory)..\Source\HonoursProj\HonoursProj.cpp">
      <Filter>HonoursProj</Filter>
    </ClCompile>
    <ClCompile Include="$(MSBuildThisFileDirectory)..\Source\HonoursProj\HonoursProjBlock.cpp">
      <Filter>HonoursProj</Filter>
    </ClCompile>
    <ClCompile Include="$(MSBuildThisFileDirectory)..\Source\HonoursProj\HonoursProjBlockGrid.cpp">
      <Filter>HonoursProj</Filter>
    </ClCompile>
    <ClCompile Include="$(MSBuildThisFileDirectory)..\Source\HonoursProj\HonoursProjGameMode.cpp">
      <Filter>HonoursProj</Filter>
    </ClCompile>
    <ClCompile Include="$(MSBuildThisFileDirectory)..\Source\HonoursProj\HonoursProjPawn.cpp">
      <Filter>HonoursProj</Filter>
    </ClCompile>
    <ClCompile Include="$(MSBuildThisFileDirectory)..\Source\HonoursProj\HonoursProjPlayerController.cpp">
      <Filter>HonoursProj</Filter>
    </ClCompile>
    <ClCompile Include="$(MSBuildThisFileDirectory)..\Source\HonoursProj\Functions\BlockFunctionFmap.cpp">
      <Filter>HonoursProj\Functions</Filter>
    </ClCompile>
    <ClCompile Include="$(MSBuildThisFileDirectory)..\Source\HonoursProj\Functions\BlockFunctionPullGeneral.cpp">
      <Filter>HonoursProj\Functions</Filter>
    </ClCompile>
  </ItemGroup>
  <ItemGroup>
    <Filter Include="Generated">
      <UniqueIdentifier>{6a928487-49c1-4055-b8a8-5b6a7a8f1c59}</UniqueIdentifier>
    </Filter>
    <Filter Include="HonoursProj">
      <UniqueIdentifier>{65770ec9-bd5e-4088-8c25-835abcf37707}</UniqueIdentifier>
    </Filter>
    <Filter Include="HonoursProj\Functional">
      <UniqueIdentifier>{2e666904-8282-488b-81e1-2108b3b6e540}</UniqueIdentifier>
    </Filter>
    <Filter Include="HonoursProj\Functions">
      <UniqueIdentifier>{f82804c7-6660-4ae4-be00-5ef8459f4683}</UniqueIdentifier>
    </Filter>
    <Filter Include="HonoursProj\Preprocess">
      <UniqueIdentifier>{6befc04d-aa97-4e02-80f0-6d2d05398353}</UniqueIdentifier>
    </Filter>
    <Filter Include="HonoursProj\Types">
      <UniqueIdentifier>{364d02e7-3b71-4910-8cfc-8ab5627e6f62}</UniqueIdentifier>
    </Filter>
  </ItemGroup>
</Project>